// !$*UTF8*$!
{
	archiveVersion = 1;
	classes = {
	};
	objectVersion = 56;
	objects = {

/* Begin PBXBuildFile section */
		3E43E6152D50EF440023681D /* foodDeliveryMiniApp.swift in Sources */ = {isa = PBXBuildFile; fileRef = 3E43E6142D50EF440023681D /* foodDeliveryMiniApp.swift */; };
		3E43E6172D50EF440023681D /* ContentView.swift in Sources */ = {isa = PBXBuildFile; fileRef = 3E43E6162D50EF440023681D /* ContentView.swift */; };
		3E43E6192D50EF450023681D /* Assets.xcassets in Resources */ = {isa = PBXBuildFile; fileRef = 3E43E6182D50EF450023681D /* Assets.xcassets */; };
		3E43E61C2D50EF450023681D /* Preview Assets.xcassets in Resources */ = {isa = PBXBuildFile; fileRef = 3E43E61B2D50EF450023681D /* Preview Assets.xcassets */; };
		3E43E6262D50EF450023681D /* foodDeliveryMiniTests.swift in Sources */ = {isa = PBXBuildFile; fileRef = 3E43E6252D50EF450023681D /* foodDeliveryMiniTests.swift */; };
		3E43E6302D50EF450023681D /* foodDeliveryMiniUITests.swift in Sources */ = {isa = PBXBuildFile; fileRef = 3E43E62F2D50EF450023681D /* foodDeliveryMiniUITests.swift */; };
		3E43E6322D50EF450023681D /* foodDeliveryMiniUITestsLaunchTests.swift in Sources */ = {isa = PBXBuildFile; fileRef = 3E43E6312D50EF450023681D /* foodDeliveryMiniUITestsLaunchTests.swift */; };
/* End PBXBuildFile section */

/* Begin PBXContainerItemProxy section */
		3E43E6222D50EF450023681D /* PBXContainerItemProxy */ = {
			isa = PBXContainerItemProxy;
			containerPortal = 3E43E6092D50EF440023681D /* Project object */;
			proxyType = 1;
			remoteGlobalIDString = 3E43E6102D50EF440023681D;
			remoteInfo = foodDeliveryMini;
		};
		3E43E62C2D50EF450023681D /* PBXContainerItemProxy */ = {
			isa = PBXContainerItemProxy;
			containerPortal = 3E43E6092D50EF440023681D /* Project object */;
			proxyType = 1;
			remoteGlobalIDString = 3E43E6102D50EF440023681D;
			remoteInfo = foodDeliveryMini;
		};
/* End PBXContainerItemProxy section */

/* Begin PBXFileReference section */
		3E43E6112D50EF440023681D /* foodDeliveryMini.app */ = {isa = PBXFileReference; explicitFileType = wrapper.application; includeInIndex = 0; path = foodDeliveryMini.app; sourceTree = BUILT_PRODUCTS_DIR; };
		3E43E6142D50EF440023681D /* foodDeliveryMiniApp.swift */ = {isa = PBXFileReference; lastKnownFileType = sourcecode.swift; path = foodDeliveryMiniApp.swift; sourceTree = "<group>"; };
		3E43E6162D50EF440023681D /* ContentView.swift */ = {isa = PBXFileReference; lastKnownFileType = sourcecode.swift; path = ContentView.swift; sourceTree = "<group>"; };
		3E43E6182D50EF450023681D /* Assets.xcassets */ = {isa = PBXFileReference; lastKnownFileType = folder.assetcatalog; path = Assets.xcassets; sourceTree = "<group>"; };
		3E43E61B2D50EF450023681D /* Preview Assets.xcassets */ = {isa = PBXFileReference; lastKnownFileType = folder.assetcatalog; path = "Preview Assets.xcassets"; sourceTree = "<group>"; };
		3E43E6212D50EF450023681D /* foodDeliveryMiniTests.xctest */ = {isa = PBXFileReference; explicitFileType = wrapper.cfbundle; includeInIndex = 0; path = foodDeliveryMiniTests.xctest; sourceTree = BUILT_PRODUCTS_DIR; };
		3E43E6252D50EF450023681D /* foodDeliveryMiniTests.swift */ = {isa = PBXFileReference; lastKnownFileType = sourcecode.swift; path = foodDeliveryMiniTests.swift; sourceTree = "<group>"; };
		3E43E62B2D50EF450023681D /* foodDeliveryMiniUITests.xctest */ = {isa = PBXFileReference; explicitFileType = wrapper.cfbundle; includeInIndex = 0; path = foodDeliveryMiniUITests.xctest; sourceTree = BUILT_PRODUCTS_DIR; };
		3E43E62F2D50EF450023681D /* foodDeliveryMiniUITests.swift */ = {isa = PBXFileReference; lastKnownFileType = sourcecode.swift; path = foodDeliveryMiniUITests.swift; sourceTree = "<group>"; };
		3E43E6312D50EF450023681D /* foodDeliveryMiniUITestsLaunchTests.swift */ = {isa = PBXFileReference; lastKnownFileType = sourcecode.swift; path = foodDeliveryMiniUITestsLaunchTests.swift; sourceTree = "<group>"; };
/* End PBXFileReference section */

/* Begin PBXFrameworksBuildPhase section */
		3E43E60E2D50EF440023681D /* Frameworks */ = {
			isa = PBXFrameworksBuildPhase;
			buildActionMask = 2147483647;
			files = (
			);
			runOnlyForDeploymentPostprocessing = 0;
		};
		3E43E61E2D50EF450023681D /* Frameworks */ = {
			isa = PBXFrameworksBuildPhase;
			buildActionMask = 2147483647;
			files = (
			);
			runOnlyForDeploymentPostprocessing = 0;
		};
		3E43E6282D50EF450023681D /* Frameworks */ = {
			isa = PBXFrameworksBuildPhase;
			buildActionMask = 2147483647;
			files = (
			);
			runOnlyForDeploymentPostprocessing = 0;
		};
/* End PBXFrameworksBuildPhase section */

/* Begin PBXGroup section */
		3E43E6082D50EF440023681D = {
			isa = PBXGroup;
			children = (
				3E43E6132D50EF440023681D /* foodDeliveryMini */,
				3E43E6242D50EF450023681D /* foodDeliveryMiniTests */,
				3E43E62E2D50EF450023681D /* foodDeliveryMiniUITests */,
				3E43E6122D50EF440023681D /* Products */,
			);
			sourceTree = "<group>";
		};
		3E43E6122D50EF440023681D /* Products */ = {
			isa = PBXGroup;
			children = (
				3E43E6112D50EF440023681D /* foodDeliveryMini.app */,
				3E43E6212D50EF450023681D /* foodDeliveryMiniTests.xctest */,
				3E43E62B2D50EF450023681D /* foodDeliveryMiniUITests.xctest */,
			);
			name = Products;
			sourceTree = "<group>";
		};
		3E43E6132D50EF440023681D /* foodDeliveryMini */ = {
			isa = PBXGroup;
			children = (
				3E43E6142D50EF440023681D /* foodDeliveryMiniApp.swift */,
				3E43E6162D50EF440023681D /* ContentView.swift */,
				3E43E6182D50EF450023681D /* Assets.xcassets */,
				3E43E61A2D50EF450023681D /* Preview Content */,
			);
			path = foodDeliveryMini;
			sourceTree = "<group>";
		};
		3E43E61A2D50EF450023681D /* Preview Content */ = {
			isa = PBXGroup;
			children = (
				3E43E61B2D50EF450023681D /* Preview Assets.xcassets */,
			);
			path = "Preview Content";
			sourceTree = "<group>";
		};
		3E43E6242D50EF450023681D /* foodDeliveryMiniTests */ = {
			isa = PBXGroup;
			children = (
				3E43E6252D50EF450023681D /* foodDeliveryMiniTests.swift */,
			);
			path = foodDeliveryMiniTests;
			sourceTree = "<group>";
		};
		3E43E62E2D50EF450023681D /* foodDeliveryMiniUITests */ = {
			isa = PBXGroup;
			children = (
				3E43E62F2D50EF450023681D /* foodDeliveryMiniUITests.swift */,
				3E43E6312D50EF450023681D /* foodDeliveryMiniUITestsLaunchTests.swift */,
			);
			path = foodDeliveryMiniUITests;
			sourceTree = "<group>";
		};
/* End PBXGroup section */

/* Begin PBXNativeTarget section */
		3E43E6102D50EF440023681D /* foodDeliveryMini */ = {
			isa = PBXNativeTarget;
			buildConfigurationList = 3E43E6352D50EF450023681D /* Build configuration list for PBXNativeTarget "foodDeliveryMini" */;
			buildPhases = (
				3E43E60D2D50EF440023681D /* Sources */,
				3E43E60E2D50EF440023681D /* Frameworks */,
				3E43E60F2D50EF440023681D /* Resources */,
			);
			buildRules = (
			);
			dependencies = (
			);
			name = foodDeliveryMini;
			productName = foodDeliveryMini;
			productReference = 3E43E6112D50EF440023681D /* foodDeliveryMini.app */;
			productType = "com.apple.product-type.application";
		};
		3E43E6202D50EF450023681D /* foodDeliveryMiniTests */ = {
			isa = PBXNativeTarget;
			buildConfigurationList = 3E43E6382D50EF450023681D /* Build configuration list for PBXNativeTarget "foodDeliveryMiniTests" */;
			buildPhases = (
				3E43E61D2D50EF450023681D /* Sources */,
				3E43E61E2D50EF450023681D /* Frameworks */,
				3E43E61F2D50EF450023681D /* Resources */,
			);
			buildRules = (
			);
			dependencies = (
				3E43E6232D50EF450023681D /* PBXTargetDependency */,
			);
			name = foodDeliveryMiniTests;
			productName = foodDeliveryMiniTests;
			productReference = 3E43E6212D50EF450023681D /* foodDeliveryMiniTests.xctest */;
			productType = "com.apple.product-type.bundle.unit-test";
		};
		3E43E62A2D50EF450023681D /* foodDeliveryMiniUITests */ = {
			isa = PBXNativeTarget;
			buildConfigurationList = 3E43E63B2D50EF450023681D /* Build configuration list for PBXNativeTarget "foodDeliveryMiniUITests" */;
			buildPhases = (
				3E43E6272D50EF450023681D /* Sources */,
				3E43E6282D50EF450023681D /* Frameworks */,
				3E43E6292D50EF450023681D /* Resources */,
			);
			buildRules = (
			);
			dependencies = (
				3E43E62D2D50EF450023681D /* PBXTargetDependency */,
			);
			name = foodDeliveryMiniUITests;
			productName = foodDeliveryMiniUITests;
			productReference = 3E43E62B2D50EF450023681D /* foodDeliveryMiniUITests.xctest */;
			productType = "com.apple.product-type.bundle.ui-testing";
		};
/* End PBXNativeTarget section */

/* Begin PBXProject section */
		3E43E6092D50EF440023681D /* Project object */ = {
			isa = PBXProject;
			attributes = {
				BuildIndependentTargetsInParallel = 1;
				LastSwiftUpdateCheck = 1510;
				LastUpgradeCheck = 1510;
				TargetAttributes = {
					3E43E6102D50EF440023681D = {
						CreatedOnToolsVersion = 15.1;
					};
					3E43E6202D50EF450023681D = {
						CreatedOnToolsVersion = 15.1;
						TestTargetID = 3E43E6102D50EF440023681D;
					};
					3E43E62A2D50EF450023681D = {
						CreatedOnToolsVersion = 15.1;
						TestTargetID = 3E43E6102D50EF440023681D;
					};
				};
			};
			buildConfigurationList = 3E43E60C2D50EF440023681D /* Build configuration list for PBXProject "foodDeliveryMini" */;
			compatibilityVersion = "Xcode 14.0";
			developmentRegion = en;
			hasScannedForEncodings = 0;
			knownRegions = (
				en,
				Base,
			);
			mainGroup = 3E43E6082D50EF440023681D;
			productRefGroup = 3E43E6122D50EF440023681D /* Products */;
			projectDirPath = "";
			projectRoot = "";
			targets = (
				3E43E6102D50EF440023681D /* foodDeliveryMini */,
				3E43E6202D50EF450023681D /* foodDeliveryMiniTests */,
				3E43E62A2D50EF450023681D /* foodDeliveryMiniUITests */,
			);
		};
/* End PBXProject section */

/* Begin PBXResourcesBuildPhase section */
		3E43E60F2D50EF440023681D /* Resources */ = {
			isa = PBXResourcesBuildPhase;
			buildActionMask = 2147483647;
			files = (
				3E43E61C2D50EF450023681D /* Preview Assets.xcassets in Resources */,
				3E43E6192D50EF450023681D /* Assets.xcassets in Resources */,
			);
			runOnlyForDeploymentPostprocessing = 0;
		};
		3E43E61F2D50EF450023681D /* Resources */ = {
			isa = PBXResourcesBuildPhase;
			buildActionMask = 2147483647;
			files = (
			);
			runOnlyForDeploymentPostprocessing = 0;
		};
		3E43E6292D50EF450023681D /* Resources */ = {
			isa = PBXResourcesBuildPhase;
			buildActionMask = 2147483647;
			files = (
			);
			runOnlyForDeploymentPostprocessing = 0;
		};
/* End PBXResourcesBuildPhase section */

/* Begin PBXSourcesBuildPhase section */
		3E43E60D2D50EF440023681D /* Sources */ = {
			isa = PBXSourcesBuildPhase;
			buildActionMask = 2147483647;
			files = (
				3E43E6172D50EF440023681D /* ContentView.swift in Sources */,
				3E43E6152D50EF440023681D /* foodDeliveryMiniApp.swift in Sources */,
			);
			runOnlyForDeploymentPostprocessing = 0;
		};
		3E43E61D2D50EF450023681D /* Sources */ = {
			isa = PBXSourcesBuildPhase;
			buildActionMask = 2147483647;
			files = (
				3E43E6262D50EF450023681D /* foodDeliveryMiniTests.swift in Sources */,
			);
			runOnlyForDeploymentPostprocessing = 0;
		};
		3E43E6272D50EF450023681D /* Sources */ = {
			isa = PBXSourcesBuildPhase;
			buildActionMask = 2147483647;
			files = (
				3E43E6302D50EF450023681D /* foodDeliveryMiniUITests.swift in Sources */,
				3E43E6322D50EF450023681D /* foodDeliveryMiniUITestsLaunchTests.swift in Sources */,
			);
			runOnlyForDeploymentPostprocessing = 0;
		};
/* End PBXSourcesBuildPhase section */

/* Begin PBXTargetDependency section */
		3E43E6232D50EF450023681D /* PBXTargetDependency */ = {
			isa = PBXTargetDependency;
			target = 3E43E6102D50EF440023681D /* foodDeliveryMini */;
			targetProxy = 3E43E6222D50EF450023681D /* PBXContainerItemProxy */;
		};
		3E43E62D2D50EF450023681D /* PBXTargetDependency */ = {
			isa = PBXTargetDependency;
			target = 3E43E6102D50EF440023681D /* foodDeliveryMini */;
			targetProxy = 3E43E62C2D50EF450023681D /* PBXContainerItemProxy */;
		};
/* End PBXTargetDependency section */

/* Begin XCBuildConfiguration section */
		3E43E6332D50EF450023681D /* Debug */ = {
			isa = XCBuildConfiguration;
			buildSettings = {
				ALWAYS_SEARCH_USER_PATHS = NO;
				ASSETCATALOG_COMPILER_GENERATE_SWIFT_ASSET_SYMBOL_EXTENSIONS = YES;
				CLANG_ANALYZER_NONNULL = YES;
				CLANG_ANALYZER_NUMBER_OBJECT_CONVERSION = YES_AGGRESSIVE;
				CLANG_CXX_LANGUAGE_STANDARD = "gnu++20";
				CLANG_ENABLE_MODULES = YES;
				CLANG_ENABLE_OBJC_ARC = YES;
				CLANG_ENABLE_OBJC_WEAK = YES;
				CLANG_WARN_BLOCK_CAPTURE_AUTORELEASING = YES;
				CLANG_WARN_BOOL_CONVERSION = YES;
				CLANG_WARN_COMMA = YES;
				CLANG_WARN_CONSTANT_CONVERSION = YES;
				CLANG_WARN_DEPRECATED_OBJC_IMPLEMENTATIONS = YES;
				CLANG_WARN_DIRECT_OBJC_ISA_USAGE = YES_ERROR;
				CLANG_WARN_DOCUMENTATION_COMMENTS = YES;
				CLANG_WARN_EMPTY_BODY = YES;
				CLANG_WARN_ENUM_CONVERSION = YES;
				CLANG_WARN_INFINITE_RECURSION = YES;
				CLANG_WARN_INT_CONVERSION = YES;
				CLANG_WARN_NON_LITERAL_NULL_CONVERSION = YES;
				CLANG_WARN_OBJC_IMPLICIT_RETAIN_SELF = YES;
				CLANG_WARN_OBJC_LITERAL_CONVERSION = YES;
				CLANG_WARN_OBJC_ROOT_CLASS = YES_ERROR;
				CLANG_WARN_QUOTED_INCLUDE_IN_FRAMEWORK_HEADER = YES;
				CLANG_WARN_RANGE_LOOP_ANALYSIS = YES;
				CLANG_WARN_STRICT_PROTOTYPES = YES;
				CLANG_WARN_SUSPICIOUS_MOVE = YES;
				CLANG_WARN_UNGUARDED_AVAILABILITY = YES_AGGRESSIVE;
				CLANG_WARN_UNREACHABLE_CODE = YES;
				CLANG_WARN__DUPLICATE_METHOD_MATCH = YES;
				COPY_PHASE_STRIP = NO;
				DEBUG_INFORMATION_FORMAT = dwarf;
				ENABLE_STRICT_OBJC_MSGSEND = YES;
				ENABLE_TESTABILITY = YES;
				ENABLE_USER_SCRIPT_SANDBOXING = YES;
				GCC_C_LANGUAGE_STANDARD = gnu17;
				GCC_DYNAMIC_NO_PIC = NO;
				GCC_NO_COMMON_BLOCKS = YES;
				GCC_OPTIMIZATION_LEVEL = 0;
				GCC_PREPROCESSOR_DEFINITIONS = (
					"DEBUG=1",
					"$(inherited)",
				);
				GCC_WARN_64_TO_32_BIT_CONVERSION = YES;
				GCC_WARN_ABOUT_RETURN_TYPE = YES_ERROR;
				GCC_WARN_UNDECLARED_SELECTOR = YES;
				GCC_WARN_UNINITIALIZED_AUTOS = YES_AGGRESSIVE;
				GCC_WARN_UNUSED_FUNCTION = YES;
				GCC_WARN_UNUSED_VARIABLE = YES;
				IPHONEOS_DEPLOYMENT_TARGET = 17.2;
				LOCALIZATION_PREFERS_STRING_CATALOGS = YES;
				MTL_ENABLE_DEBUG_INFO = INCLUDE_SOURCE;
				MTL_FAST_MATH = YES;
				ONLY_ACTIVE_ARCH = YES;
				SDKROOT = iphoneos;
				SWIFT_ACTIVE_COMPILATION_CONDITIONS = "DEBUG $(inherited)";
				SWIFT_OPTIMIZATION_LEVEL = "-Onone";
			};
			name = Debug;
		};
		3E43E6342D50EF450023681D /* Release */ = {
			isa = XCBuildConfiguration;
			buildSettings = {
				ALWAYS_SEARCH_USER_PATHS = NO;
				ASSETCATALOG_COMPILER_GENERATE_SWIFT_ASSET_SYMBOL_EXTENSIONS = YES;
				CLANG_ANALYZER_NONNULL = YES;
				CLANG_ANALYZER_NUMBER_OBJECT_CONVERSION = YES_AGGRESSIVE;
				CLANG_CXX_LANGUAGE_STANDARD = "gnu++20";
				CLANG_ENABLE_MODULES = YES;
				CLANG_ENABLE_OBJC_ARC = YES;
				CLANG_ENABLE_OBJC_WEAK = YES;
				CLANG_WARN_BLOCK_CAPTURE_AUTORELEASING = YES;
				CLANG_WARN_BOOL_CONVERSION = YES;
				CLANG_WARN_COMMA = YES;
				CLANG_WARN_CONSTANT_CONVERSION = YES;
				CLANG_WARN_DEPRECATED_OBJC_IMPLEMENTATIONS = YES;
				CLANG_WARN_DIRECT_OBJC_ISA_USAGE = YES_ERROR;
				CLANG_WARN_DOCUMENTATION_COMMENTS = YES;
				CLANG_WARN_EMPTY_BODY = YES;
				CLANG_WARN_ENUM_CONVERSION = YES;
				CLANG_WARN_INFINITE_RECURSION = YES;
				CLANG_WARN_INT_CONVERSION = YES;
				CLANG_WARN_NON_LITERAL_NULL_CONVERSION = YES;
				CLANG_WARN_OBJC_IMPLICIT_RETAIN_SELF = YES;
				CLANG_WARN_OBJC_LITERAL_CONVERSION = YES;
				CLANG_WARN_OBJC_ROOT_CLASS = YES_ERROR;
				CLANG_WARN_QUOTED_INCLUDE_IN_FRAMEWORK_HEADER = YES;
				CLANG_WARN_RANGE_LOOP_ANALYSIS = YES;
				CLANG_WARN_STRICT_PROTOTYPES = YES;
				CLANG_WARN_SUSPICIOUS_MOVE = YES;
				CLANG_WARN_UNGUARDED_AVAILABILITY = YES_AGGRESSIVE;
				CLANG_WARN_UNREACHABLE_CODE = YES;
				CLANG_WARN__DUPLICATE_METHOD_MATCH = YES;
				COPY_PHASE_STRIP = NO;
				DEBUG_INFORMATION_FORMAT = "dwarf-with-dsym";
				ENABLE_NS_ASSERTIONS = NO;
				ENABLE_STRICT_OBJC_MSGSEND = YES;
				ENABLE_USER_SCRIPT_SANDBOXING = YES;
				GCC_C_LANGUAGE_STANDARD = gnu17;
				GCC_NO_COMMON_BLOCKS = YES;
				GCC_WARN_64_TO_32_BIT_CONVERSION = YES;
				GCC_WARN_ABOUT_RETURN_TYPE = YES_ERROR;
				GCC_WARN_UNDECLARED_SELECTOR = YES;
				GCC_WARN_UNINITIALIZED_AUTOS = YES_AGGRESSIVE;
				GCC_WARN_UNUSED_FUNCTION = YES;
				GCC_WARN_UNUSED_VARIABLE = YES;
				IPHONEOS_DEPLOYMENT_TARGET = 17.2;
				LOCALIZATION_PREFERS_STRING_CATALOGS = YES;
				MTL_ENABLE_DEBUG_INFO = NO;
				MTL_FAST_MATH = YES;
				SDKROOT = iphoneos;
				SWIFT_COMPILATION_MODE = wholemodule;
				VALIDATE_PRODUCT = YES;
			};
			name = Release;
		};
		3E43E6362D50EF450023681D /* Debug */ = {
			isa = XCBuildConfiguration;
			buildSettings = {
				ASSETCATALOG_COMPILER_APPICON_NAME = AppIcon;
				ASSETCATALOG_COMPILER_GLOBAL_ACCENT_COLOR_NAME = AccentColor;
				CODE_SIGN_STYLE = Automatic;
				CURRENT_PROJECT_VERSION = 1;
				DEVELOPMENT_ASSET_PATHS = "\"foodDeliveryMini/Preview Content\"";
				ENABLE_PREVIEWS = YES;
				GENERATE_INFOPLIST_FILE = YES;
				INFOPLIST_KEY_UIApplicationSceneManifest_Generation = YES;
				INFOPLIST_KEY_UIApplicationSupportsIndirectInputEvents = YES;
				INFOPLIST_KEY_UILaunchScreen_Generation = YES;
				INFOPLIST_KEY_UISupportedInterfaceOrientations_iPad = "UIInterfaceOrientationPortrait UIInterfaceOrientationPortraitUpsideDown UIInterfaceOrientationLandscapeLeft UIInterfaceOrientationLandscapeRight";
				INFOPLIST_KEY_UISupportedInterfaceOrientations_iPhone = "UIInterfaceOrientationPortrait UIInterfaceOrientationLandscapeLeft UIInterfaceOrientationLandscapeRight";
				LD_RUNPATH_SEARCH_PATHS = (
					"$(inherited)",
					"@executable_path/Frameworks",
				);
				MARKETING_VERSION = 1.0;
				PRODUCT_BUNDLE_IDENTIFIER = com.jenil.foodDeliveryMini;
				PRODUCT_NAME = "$(TARGET_NAME)";
				SWIFT_EMIT_LOC_STRINGS = YES;
				SWIFT_VERSION = 5.0;
				TARGETED_DEVICE_FAMILY = "1,2";
			};
			name = Debug;
		};
		3E43E6372D50EF450023681D /* Release */ = {
			isa = XCBuildConfiguration;
			buildSettings = {
				ASSETCATALOG_COMPILER_APPICON_NAME = AppIcon;
				ASSETCATALOG_COMPILER_GLOBAL_ACCENT_COLOR_NAME = AccentColor;
				CODE_SIGN_STYLE = Automatic;
				CURRENT_PROJECT_VERSION = 1;
				DEVELOPMENT_ASSET_PATHS = "\"foodDeliveryMini/Preview Content\"";
				ENABLE_PREVIEWS = YES;
				GENERATE_INFOPLIST_FILE = YES;
				INFOPLIST_KEY_UIApplicationSceneManifest_Generation = YES;
				INFOPLIST_KEY_UIApplicationSupportsIndirectInputEvents = YES;
				INFOPLIST_KEY_UILaunchScreen_Generation = YES;
				INFOPLIST_KEY_UISupportedInterfaceOrientations_iPad = "UIInterfaceOrientationPortrait UIInterfaceOrientationPortraitUpsideDown UIInterfaceOrientationLandscapeLeft UIInterfaceOrientationLandscapeRight";
				INFOPLIST_KEY_UISupportedInterfaceOrientations_iPhone = "UIInterfaceOrientationPortrait UIInterfaceOrientationLandscapeLeft UIInterfaceOrientationLandscapeRight";
				LD_RUNPATH_SEARCH_PATHS = (
					"$(inherited)",
					"@executable_path/Frameworks",
				);
				MARKETING_VERSION = 1.0;
				PRODUCT_BUNDLE_IDENTIFIER = com.jenil.foodDeliveryMini;
				PRODUCT_NAME = "$(TARGET_NAME)";
				SWIFT_EMIT_LOC_STRINGS = YES;
				SWIFT_VERSION = 5.0;
				TARGETED_DEVICE_FAMILY = "1,2";
			};
			name = Release;
		};
		3E43E6392D50EF450023681D /* Debug */ = {
			isa = XCBuildConfiguration;
			buildSettings = {
				ALWAYS_EMBED_SWIFT_STANDARD_LIBRARIES = YES;
				BUNDLE_LOADER = "$(TEST_HOST)";
				CODE_SIGN_STYLE = Automatic;
				CURRENT_PROJECT_VERSION = 1;
				GENERATE_INFOPLIST_FILE = YES;
				IPHONEOS_DEPLOYMENT_TARGET = 17.2;
				MARKETING_VERSION = 1.0;
				PRODUCT_BUNDLE_IDENTIFIER = com.jenil.foodDeliveryMiniTests;
				PRODUCT_NAME = "$(TARGET_NAME)";
				SWIFT_EMIT_LOC_STRINGS = NO;
				SWIFT_VERSION = 5.0;
				TARGETED_DEVICE_FAMILY = "1,2";
				TEST_HOST = "$(BUILT_PRODUCTS_DIR)/foodDeliveryMini.app/$(BUNDLE_EXECUTABLE_FOLDER_PATH)/foodDeliveryMini";
			};
			name = Debug;
		};
		3E43E63A2D50EF450023681D /* Release */ = {
			isa = XCBuildConfiguration;
			buildSettings = {
				ALWAYS_EMBED_SWIFT_STANDARD_LIBRARIES = YES;
				BUNDLE_LOADER = "$(TEST_HOST)";
				CODE_SIGN_STYLE = Automatic;
				CURRENT_PROJECT_VERSION = 1;
				GENERATE_INFOPLIST_FILE = YES;
				IPHONEOS_DEPLOYMENT_TARGET = 17.2;
				MARKETING_VERSION = 1.0;
				PRODUCT_BUNDLE_IDENTIFIER = com.jenil.foodDeliveryMiniTests;
				PRODUCT_NAME = "$(TARGET_NAME)";
				SWIFT_EMIT_LOC_STRINGS = NO;
				SWIFT_VERSION = 5.0;
				TARGETED_DEVICE_FAMILY = "1,2";
				TEST_HOST = "$(BUILT_PRODUCTS_DIR)/foodDeliveryMini.app/$(BUNDLE_EXECUTABLE_FOLDER_PATH)/foodDeliveryMini";
			};
			name = Release;
		};
		3E43E63C2D50EF450023681D /* Debug */ = {
			isa = XCBuildConfiguration;
			buildSettings = {
				ALWAYS_EMBED_SWIFT_STANDARD_LIBRARIES = YES;
				CODE_SIGN_STYLE = Automatic;
				CURRENT_PROJECT_VERSION = 1;
				GENERATE_INFOPLIST_FILE = YES;
				MARKETING_VERSION = 1.0;
				PRODUCT_BUNDLE_IDENTIFIER = com.jenil.foodDeliveryMiniUITests;
				PRODUCT_NAME = "$(TARGET_NAME)";
				SWIFT_EMIT_LOC_STRINGS = NO;
				SWIFT_VERSION = 5.0;
				TARGETED_DEVICE_FAMILY = "1,2";
				TEST_TARGET_NAME = foodDeliveryMini;
			};
			name = Debug;
		};
		3E43E63D2D50EF450023681D /* Release */ = {
			isa = XCBuildConfiguration;
			buildSettings = {
				ALWAYS_EMBED_SWIFT_STANDARD_LIBRARIES = YES;
				CODE_SIGN_STYLE = Automatic;
				CURRENT_PROJECT_VERSION = 1;
				GENERATE_INFOPLIST_FILE = YES;
				MARKETING_VERSION = 1.0;
				PRODUCT_BUNDLE_IDENTIFIER = com.jenil.foodDeliveryMiniUITests;
				PRODUCT_NAME = "$(TARGET_NAME)";
				SWIFT_EMIT_LOC_STRINGS = NO;
				SWIFT_VERSION = 5.0;
				TARGETED_DEVICE_FAMILY = "1,2";
				TEST_TARGET_NAME = foodDeliveryMini;
			};
			name = Release;
		};
/* End XCBuildConfiguration section */

/* Begin XCConfigurationList section */
		3E43E60C2D50EF440023681D /* Build configuration list for PBXProject "foodDeliveryMini" */ = {
			isa = XCConfigurationList;
			buildConfigurations = (
				3E43E6332D50EF450023681D /* Debug */,
				3E43E6342D50EF450023681D /* Release */,
			);
			defaultConfigurationIsVisible = 0;
			defaultConfigurationName = Release;
		};
		3E43E6352D50EF450023681D /* Build configuration list for PBXNativeTarget "foodDeliveryMini" */ = {
			isa = XCConfigurationList;
			buildConfigurations = (
				3E43E6362D50EF450023681D /* Debug */,
				3E43E6372D50EF450023681D /* Release */,
			);
			defaultConfigurationIsVisible = 0;
			defaultConfigurationName = Release;
		};
		3E43E6382D50EF450023681D /* Build configuration list for PBXNativeTarget "foodDeliveryMiniTests" */ = {
			isa = XCConfigurationList;
			buildConfigurations = (
				3E43E6392D50EF450023681D /* Debug */,
				3E43E63A2D50EF450023681D /* Release */,
			);
			defaultConfigurationIsVisible = 0;
			defaultConfigurationName = Release;
		};
		3E43E63B2D50EF450023681D /* Build configuration list for PBXNativeTarget "foodDeliveryMiniUITests" */ = {
			isa = XCConfigurationList;
			buildConfigurations = (
				3E43E63C2D50EF450023681D /* Debug */,
				3E43E63D2D50EF450023681D /* Release */,
			);
			defaultConfigurationIsVisible = 0;
			defaultConfigurationName = Release;
		};
/* End XCConfigurationList section */
	};
	rootObject = 3E43E6092D50EF440023681D /* Project object */;
}
